
Microsoft Visual Studio Solution File, Format Version 12.00
# Visual Studio Version 16
VisualStudioVersion = 16.0.31729.503
MinimumVisualStudioVersion = 10.0.40219.1
Project("{FAE04EC0-301F-11D3-BF4B-00C04F79EFBC}") = "HazelcastPlayground3", "HazelcastPlayground3\HazelcastPlayground3.csproj", "{D1F1A286-ACC4-4EBA-BB95-297560525BED}"
EndProject
Global
	GlobalSection(SolutionConfigurationPlatforms) = preSolution
		Debug|Any CPU = Debug|Any CPU
		Release|Any CPU = Release|Any CPU
	EndGlobalSection
	GlobalSection(ProjectConfigurationPlatforms) = postSolution
		{D1F1A286-ACC4-4EBA-BB95-297560525BED}.Debug|Any CPU.ActiveCfg = Debug|Any CPU
		{D1F1A286-ACC4-4EBA-BB95-297560525BED}.Debug|Any CPU.Build.0 = Debug|Any CPU
		{D1F1A286-ACC4-4EBA-BB95-297560525BED}.Release|Any CPU.ActiveCfg = Release|Any CPU
		{D1F1A286-ACC4-4EBA-BB95-297560525BED}.Release|Any CPU.Build.0 = Release|Any CPU
	EndGlobalSection
	GlobalSection(SolutionProperties) = preSolution
		HideSolutionNode = FALSE
	EndGlobalSection
	GlobalSection(ExtensibilityGlobals) = postSolution
		SolutionGuid = {75E1AC39-279D-471D-BADF-C6AC8222B42D}
	EndGlobalSection
EndGlobal
